{
  "name": "@pack/styles",
  "version": "1.0.0",
  "lockfileVersion": 3,
  "requires": true,
  "packages": {
    "": {
      "name": "@pack/styles",
      "version": "1.0.0",
      "license": "ISC",
      "dependencies": {
        "@pack/styles": "file:"
      }
    },
    "node_modules/@pack/styles": {
      "version": "1.0.0",
      "resolved": "file:",
      "license": "ISC",
      "dependencies": {
        "@pack/styles": "file:"
      }
    }
  }
}
